
Microsoft Visual Studio Solution File, Format Version 12.00
Project("{FAE04EC0-301F-11D3-BF4B-00C04F79EFBC}") = "Larmcentralen.Api", "Larmcentralen.Api\Larmcentralen.Api.csproj", "{8139D14E-19E7-4639-AD2E-8228EEEB613F}"
EndProject
Project("{FAE04EC0-301F-11D3-BF4B-00C04F79EFBC}") = "Larmcentralen.Infrastructure", "Larmcentralen.Infrastructure\Larmcentralen.Infrastructure.csproj", "{214CDDA0-8111-44C1-8306-4A8B0B69F274}"
EndProject
Project("{FAE04EC0-301F-11D3-BF4B-00C04F79EFBC}") = "Larmcentralen.Application", "Larmcentralen.Application\Larmcentralen.Application.csproj", "{0A6DFAD3-7E64-4887-BE65-F75A51A30ECB}"
EndProject
Project("{FAE04EC0-301F-11D3-BF4B-00C04F79EFBC}") = "Larmcentralen.Domain", "Larmcentralen.Domain\Larmcentralen.Domain.csproj", "{ECE37AD4-CE97-439E-A71A-3D08BB409981}"
EndProject
Project("{FAE04EC0-301F-11D3-BF4B-00C04F79EFBC}") = "Larmcentralen.Maui", "Larmcentralen.Maui\Larmcentralen.Maui.csproj", "{D3A8BFEF-042C-408E-9EBB-B67B16783F0A}"
EndProject
Global
	GlobalSection(SolutionConfigurationPlatforms) = preSolution
		Debug|Any CPU = Debug|Any CPU
		Release|Any CPU = Release|Any CPU
	EndGlobalSection
	GlobalSection(ProjectConfigurationPlatforms) = postSolution
		{8139D14E-19E7-4639-AD2E-8228EEEB613F}.Debug|Any CPU.ActiveCfg = Debug|Any CPU
		{8139D14E-19E7-4639-AD2E-8228EEEB613F}.Debug|Any CPU.Build.0 = Debug|Any CPU
		{8139D14E-19E7-4639-AD2E-8228EEEB613F}.Release|Any CPU.ActiveCfg = Release|Any CPU
		{8139D14E-19E7-4639-AD2E-8228EEEB613F}.Release|Any CPU.Build.0 = Release|Any CPU
		{214CDDA0-8111-44C1-8306-4A8B0B69F274}.Debug|Any CPU.ActiveCfg = Debug|Any CPU
		{214CDDA0-8111-44C1-8306-4A8B0B69F274}.Debug|Any CPU.Build.0 = Debug|Any CPU
		{214CDDA0-8111-44C1-8306-4A8B0B69F274}.Release|Any CPU.ActiveCfg = Release|Any CPU
		{214CDDA0-8111-44C1-8306-4A8B0B69F274}.Release|Any CPU.Build.0 = Release|Any CPU
		{0A6DFAD3-7E64-4887-BE65-F75A51A30ECB}.Debug|Any CPU.ActiveCfg = Debug|Any CPU
		{0A6DFAD3-7E64-4887-BE65-F75A51A30ECB}.Debug|Any CPU.Build.0 = Debug|Any CPU
		{0A6DFAD3-7E64-4887-BE65-F75A51A30ECB}.Release|Any CPU.ActiveCfg = Release|Any CPU
		{0A6DFAD3-7E64-4887-BE65-F75A51A30ECB}.Release|Any CPU.Build.0 = Release|Any CPU
		{ECE37AD4-CE97-439E-A71A-3D08BB409981}.Debug|Any CPU.ActiveCfg = Debug|Any CPU
		{ECE37AD4-CE97-439E-A71A-3D08BB409981}.Debug|Any CPU.Build.0 = Debug|Any CPU
		{ECE37AD4-CE97-439E-A71A-3D08BB409981}.Release|Any CPU.ActiveCfg = Release|Any CPU
		{ECE37AD4-CE97-439E-A71A-3D08BB409981}.Release|Any CPU.Build.0 = Release|Any CPU
		{D3A8BFEF-042C-408E-9EBB-B67B16783F0A}.Debug|Any CPU.ActiveCfg = Debug|Any CPU
		{D3A8BFEF-042C-408E-9EBB-B67B16783F0A}.Debug|Any CPU.Build.0 = Debug|Any CPU
		{D3A8BFEF-042C-408E-9EBB-B67B16783F0A}.Release|Any CPU.ActiveCfg = Release|Any CPU
		{D3A8BFEF-042C-408E-9EBB-B67B16783F0A}.Release|Any CPU.Build.0 = Release|Any CPU
	EndGlobalSection
EndGlobal
